// !$*UTF8*$!
{
	archiveVersion = 1;
	classes = {
	};
	objectVersion = 56;
	objects = {

/* Begin PBXBuildFile section */
		14BF22342CE29C130086B2AF /* AppDelegate.swift in Sources */ = {isa = PBXBuildFile; fileRef = 14BF22332CE29C130086B2AF /* AppDelegate.swift */; };
		14BF22362CE29C130086B2AF /* SceneDelegate.swift in Sources */ = {isa = PBXBuildFile; fileRef = 14BF22352CE29C130086B2AF /* SceneDelegate.swift */; };
		14BF22382CE29C130086B2AF /* ViewController.swift in Sources */ = {isa = PBXBuildFile; fileRef = 14BF22372CE29C130086B2AF /* ViewController.swift */; };
		14BF223D2CE29C140086B2AF /* Assets.xcassets in Resources */ = {isa = PBXBuildFile; fileRef = 14BF223C2CE29C140086B2AF /* Assets.xcassets */; };
		14BF22402CE29C140086B2AF /* LaunchScreen.storyboard in Resources */ = {isa = PBXBuildFile; fileRef = 14BF223E2CE29C140086B2AF /* LaunchScreen.storyboard */; };
		14BF224B2CE2A72B0086B2AF /* ShapeLayerProtocol.swift in Sources */ = {isa = PBXBuildFile; fileRef = 14BF224A2CE2A72B0086B2AF /* ShapeLayerProtocol.swift */; };
		14BF224E2CE2AB590086B2AF /* KeyShape.swift in Sources */ = {isa = PBXBuildFile; fileRef = 14BF224D2CE2AB590086B2AF /* KeyShape.swift */; };
		14BF22502CE2AB790086B2AF /* CircleShape.swift in Sources */ = {isa = PBXBuildFile; fileRef = 14BF224F2CE2AB790086B2AF /* CircleShape.swift */; };
		14BF22522CE2AB870086B2AF /* LineShape.swift in Sources */ = {isa = PBXBuildFile; fileRef = 14BF22512CE2AB870086B2AF /* LineShape.swift */; };
		14BF22542CE2ABC80086B2AF /* KeyholeShape.swift in Sources */ = {isa = PBXBuildFile; fileRef = 14BF22532CE2ABC80086B2AF /* KeyholeShape.swift */; };
/* End PBXBuildFile section */

/* Begin PBXFileReference section */
		14BF22302CE29C130086B2AF /* LoginScreen.app */ = {isa = PBXFileReference; explicitFileType = wrapper.application; includeInIndex = 0; path = LoginScreen.app; sourceTree = BUILT_PRODUCTS_DIR; };
		14BF22332CE29C130086B2AF /* AppDelegate.swift */ = {isa = PBXFileReference; lastKnownFileType = sourcecode.swift; path = AppDelegate.swift; sourceTree = "<group>"; };
		14BF22352CE29C130086B2AF /* SceneDelegate.swift */ = {isa = PBXFileReference; lastKnownFileType = sourcecode.swift; path = SceneDelegate.swift; sourceTree = "<group>"; };
		14BF22372CE29C130086B2AF /* ViewController.swift */ = {isa = PBXFileReference; lastKnownFileType = sourcecode.swift; path = ViewController.swift; sourceTree = "<group>"; };
		14BF223C2CE29C140086B2AF /* Assets.xcassets */ = {isa = PBXFileReference; lastKnownFileType = folder.assetcatalog; path = Assets.xcassets; sourceTree = "<group>"; };
		14BF223F2CE29C140086B2AF /* Base */ = {isa = PBXFileReference; lastKnownFileType = file.storyboard; name = Base; path = Base.lproj/LaunchScreen.storyboard; sourceTree = "<group>"; };
		14BF22412CE29C140086B2AF /* Info.plist */ = {isa = PBXFileReference; lastKnownFileType = text.plist.xml; path = Info.plist; sourceTree = "<group>"; };
		14BF224A2CE2A72B0086B2AF /* ShapeLayerProtocol.swift */ = {isa = PBXFileReference; lastKnownFileType = sourcecode.swift; path = ShapeLayerProtocol.swift; sourceTree = "<group>"; };
		14BF224D2CE2AB590086B2AF /* KeyShape.swift */ = {isa = PBXFileReference; lastKnownFileType = sourcecode.swift; path = KeyShape.swift; sourceTree = "<group>"; };
		14BF224F2CE2AB790086B2AF /* CircleShape.swift */ = {isa = PBXFileReference; lastKnownFileType = sourcecode.swift; path = CircleShape.swift; sourceTree = "<group>"; };
		14BF22512CE2AB870086B2AF /* LineShape.swift */ = {isa = PBXFileReference; lastKnownFileType = sourcecode.swift; path = LineShape.swift; sourceTree = "<group>"; };
		14BF22532CE2ABC80086B2AF /* KeyholeShape.swift */ = {isa = PBXFileReference; lastKnownFileType = sourcecode.swift; path = KeyholeShape.swift; sourceTree = "<group>"; };
/* End PBXFileReference section */

/* Begin PBXFrameworksBuildPhase section */
		14BF222D2CE29C130086B2AF /* Frameworks */ = {
			isa = PBXFrameworksBuildPhase;
			buildActionMask = 2147483647;
			files = (
			);
			runOnlyForDeploymentPostprocessing = 0;
		};
/* End PBXFrameworksBuildPhase section */

/* Begin PBXGroup section */
		14BF22272CE29C130086B2AF = {
			isa = PBXGroup;
			children = (
				14BF22322CE29C130086B2AF /* LoginScreen */,
				14BF22312CE29C130086B2AF /* Products */,
			);
			sourceTree = "<group>";
		};
		14BF22312CE29C130086B2AF /* Products */ = {
			isa = PBXGroup;
			children = (
				14BF22302CE29C130086B2AF /* LoginScreen.app */,
			);
			name = Products;
			sourceTree = "<group>";
		};
		14BF22322CE29C130086B2AF /* LoginScreen */ = {
			isa = PBXGroup;
			children = (
				14BF22572CE2C3190086B2AF /* Assets */,
				14BF22492CE29FD50086B2AF /* Controllers */,
				14BF22482CE29FC10086B2AF /* Views */,
				14BF22472CE29E8C0086B2AF /* Helpers */,
				14BF22332CE29C130086B2AF /* AppDelegate.swift */,
				14BF22352CE29C130086B2AF /* SceneDelegate.swift */,
				14BF22412CE29C140086B2AF /* Info.plist */,
			);
			path = LoginScreen;
			sourceTree = "<group>";
		};
		14BF22472CE29E8C0086B2AF /* Helpers */ = {
			isa = PBXGroup;
			children = (
			);
			path = Helpers;
			sourceTree = "<group>";
		};
		14BF22482CE29FC10086B2AF /* Views */ = {
			isa = PBXGroup;
			children = (
				14BF22562CE2C30A0086B2AF /* Storyboards */,
				14BF224C2CE2AB2F0086B2AF /* Shapes */,
				14BF224A2CE2A72B0086B2AF /* ShapeLayerProtocol.swift */,
			);
			path = Views;
			sourceTree = "<group>";
		};
		14BF22492CE29FD50086B2AF /* Controllers */ = {
			isa = PBXGroup;
			children = (
				14BF22372CE29C130086B2AF /* ViewController.swift */,
			);
			path = Controllers;
			sourceTree = "<group>";
		};
		14BF224C2CE2AB2F0086B2AF /* Shapes */ = {
			isa = PBXGroup;
			children = (
				14BF224D2CE2AB590086B2AF /* KeyShape.swift */,
				14BF224F2CE2AB790086B2AF /* CircleShape.swift */,
				14BF22512CE2AB870086B2AF /* LineShape.swift */,
				14BF22532CE2ABC80086B2AF /* KeyholeShape.swift */,
			);
			path = Shapes;
			sourceTree = "<group>";
		};
		14BF22562CE2C30A0086B2AF /* Storyboards */ = {
			isa = PBXGroup;
			children = (
				14BF223E2CE29C140086B2AF /* LaunchScreen.storyboard */,
			);
			path = Storyboards;
			sourceTree = "<group>";
		};
		14BF22572CE2C3190086B2AF /* Assets */ = {
			isa = PBXGroup;
			children = (
				14BF223C2CE29C140086B2AF /* Assets.xcassets */,
			);
			path = Assets;
			sourceTree = "<group>";
		};
/* End PBXGroup section */

/* Begin PBXNativeTarget section */
		14BF222F2CE29C130086B2AF /* LoginScreen */ = {
			isa = PBXNativeTarget;
			buildConfigurationList = 14BF22442CE29C140086B2AF /* Build configuration list for PBXNativeTarget "LoginScreen" */;
			buildPhases = (
				14BF222C2CE29C130086B2AF /* Sources */,
				14BF222D2CE29C130086B2AF /* Frameworks */,
				14BF222E2CE29C130086B2AF /* Resources */,
			);
			buildRules = (
			);
			dependencies = (
			);
			name = LoginScreen;
			productName = LoginScreen;
			productReference = 14BF22302CE29C130086B2AF /* LoginScreen.app */;
			productType = "com.apple.product-type.application";
		};
/* End PBXNativeTarget section */

/* Begin PBXProject section */
		14BF22282CE29C130086B2AF /* Project object */ = {
			isa = PBXProject;
			attributes = {
				BuildIndependentTargetsInParallel = 1;
				LastSwiftUpdateCheck = 1430;
				LastUpgradeCheck = 1430;
				TargetAttributes = {
					14BF222F2CE29C130086B2AF = {
						CreatedOnToolsVersion = 14.3.1;
					};
				};
			};
			buildConfigurationList = 14BF222B2CE29C130086B2AF /* Build configuration list for PBXProject "LoginScreen" */;
			compatibilityVersion = "Xcode 14.0";
			developmentRegion = en;
			hasScannedForEncodings = 0;
			knownRegions = (
				en,
				Base,
			);
			mainGroup = 14BF22272CE29C130086B2AF;
			productRefGroup = 14BF22312CE29C130086B2AF /* Products */;
			projectDirPath = "";
			projectRoot = "";
			targets = (
				14BF222F2CE29C130086B2AF /* LoginScreen */,
			);
		};
/* End PBXProject section */

/* Begin PBXResourcesBuildPhase section */
		14BF222E2CE29C130086B2AF /* Resources */ = {
			isa = PBXResourcesBuildPhase;
			buildActionMask = 2147483647;
			files = (
				14BF22402CE29C140086B2AF /* LaunchScreen.storyboard in Resources */,
				14BF223D2CE29C140086B2AF /* Assets.xcassets in Resources */,
			);
			runOnlyForDeploymentPostprocessing = 0;
		};
/* End PBXResourcesBuildPhase section */

/* Begin PBXSourcesBuildPhase section */
		14BF222C2CE29C130086B2AF /* Sources */ = {
			isa = PBXSourcesBuildPhase;
			buildActionMask = 2147483647;
			files = (
				14BF22382CE29C130086B2AF /* ViewController.swift in Sources */,
				14BF224E2CE2AB590086B2AF /* KeyShape.swift in Sources */,
				14BF22342CE29C130086B2AF /* AppDelegate.swift in Sources */,
				14BF22502CE2AB790086B2AF /* CircleShape.swift in Sources */,
				14BF22362CE29C130086B2AF /* SceneDelegate.swift in Sources */,
				14BF224B2CE2A72B0086B2AF /* ShapeLayerProtocol.swift in Sources */,
				14BF22522CE2AB870086B2AF /* LineShape.swift in Sources */,
				14BF22542CE2ABC80086B2AF /* KeyholeShape.swift in Sources */,
			);
			runOnlyForDeploymentPostprocessing = 0;
		};
/* End PBXSourcesBuildPhase section */

/* Begin PBXVariantGroup section */
		14BF223E2CE29C140086B2AF /* LaunchScreen.storyboard */ = {
			isa = PBXVariantGroup;
			children = (
				14BF223F2CE29C140086B2AF /* Base */,
			);
			name = LaunchScreen.storyboard;
			sourceTree = "<group>";
		};
/* End PBXVariantGroup section */

/* Begin XCBuildConfiguration section */
		14BF22422CE29C140086B2AF /* Debug */ = {
			isa = XCBuildConfiguration;
			buildSettings = {
				ALWAYS_SEARCH_USER_PATHS = NO;
				CLANG_ANALYZER_NONNULL = YES;
				CLANG_ANALYZER_NUMBER_OBJECT_CONVERSION = YES_AGGRESSIVE;
				CLANG_CXX_LANGUAGE_STANDARD = "gnu++20";
				CLANG_ENABLE_MODULES = YES;
				CLANG_ENABLE_OBJC_ARC = YES;
				CLANG_ENABLE_OBJC_WEAK = YES;
				CLANG_WARN_BLOCK_CAPTURE_AUTORELEASING = YES;
				CLANG_WARN_BOOL_CONVERSION = YES;
				CLANG_WARN_COMMA = YES;
				CLANG_WARN_CONSTANT_CONVERSION = YES;
				CLANG_WARN_DEPRECATED_OBJC_IMPLEMENTATIONS = YES;
				CLANG_WARN_DIRECT_OBJC_ISA_USAGE = YES_ERROR;
				CLANG_WARN_DOCUMENTATION_COMMENTS = YES;
				CLANG_WARN_EMPTY_BODY = YES;
				CLANG_WARN_ENUM_CONVERSION = YES;
				CLANG_WARN_INFINITE_RECURSION = YES;
				CLANG_WARN_INT_CONVERSION = YES;
				CLANG_WARN_NON_LITERAL_NULL_CONVERSION = YES;
				CLANG_WARN_OBJC_IMPLICIT_RETAIN_SELF = YES;
				CLANG_WARN_OBJC_LITERAL_CONVERSION = YES;
				CLANG_WARN_OBJC_ROOT_CLASS = YES_ERROR;
				CLANG_WARN_QUOTED_INCLUDE_IN_FRAMEWORK_HEADER = YES;
				CLANG_WARN_RANGE_LOOP_ANALYSIS = YES;
				CLANG_WARN_STRICT_PROTOTYPES = YES;
				CLANG_WARN_SUSPICIOUS_MOVE = YES;
				CLANG_WARN_UNGUARDED_AVAILABILITY = YES_AGGRESSIVE;
				CLANG_WARN_UNREACHABLE_CODE = YES;
				CLANG_WARN__DUPLICATE_METHOD_MATCH = YES;
				COPY_PHASE_STRIP = NO;
				DEBUG_INFORMATION_FORMAT = dwarf;
				ENABLE_STRICT_OBJC_MSGSEND = YES;
				ENABLE_TESTABILITY = YES;
				GCC_C_LANGUAGE_STANDARD = gnu11;
				GCC_DYNAMIC_NO_PIC = NO;
				GCC_NO_COMMON_BLOCKS = YES;
				GCC_OPTIMIZATION_LEVEL = 0;
				GCC_PREPROCESSOR_DEFINITIONS = (
					"DEBUG=1",
					"$(inherited)",
				);
				GCC_WARN_64_TO_32_BIT_CONVERSION = YES;
				GCC_WARN_ABOUT_RETURN_TYPE = YES_ERROR;
				GCC_WARN_UNDECLARED_SELECTOR = YES;
				GCC_WARN_UNINITIALIZED_AUTOS = YES_AGGRESSIVE;
				GCC_WARN_UNUSED_FUNCTION = YES;
				GCC_WARN_UNUSED_VARIABLE = YES;
				IPHONEOS_DEPLOYMENT_TARGET = 16.4;
				MTL_ENABLE_DEBUG_INFO = INCLUDE_SOURCE;
				MTL_FAST_MATH = YES;
				ONLY_ACTIVE_ARCH = YES;
				SDKROOT = iphoneos;
				SWIFT_ACTIVE_COMPILATION_CONDITIONS = DEBUG;
				SWIFT_OPTIMIZATION_LEVEL = "-Onone";
			};
			name = Debug;
		};
		14BF22432CE29C140086B2AF /* Release */ = {
			isa = XCBuildConfiguration;
			buildSettings = {
				ALWAYS_SEARCH_USER_PATHS = NO;
				CLANG_ANALYZER_NONNULL = YES;
				CLANG_ANALYZER_NUMBER_OBJECT_CONVERSION = YES_AGGRESSIVE;
				CLANG_CXX_LANGUAGE_STANDARD = "gnu++20";
				CLANG_ENABLE_MODULES = YES;
				CLANG_ENABLE_OBJC_ARC = YES;
				CLANG_ENABLE_OBJC_WEAK = YES;
				CLANG_WARN_BLOCK_CAPTURE_AUTORELEASING = YES;
				CLANG_WARN_BOOL_CONVERSION = YES;
				CLANG_WARN_COMMA = YES;
				CLANG_WARN_CONSTANT_CONVERSION = YES;
				CLANG_WARN_DEPRECATED_OBJC_IMPLEMENTATIONS = YES;
				CLANG_WARN_DIRECT_OBJC_ISA_USAGE = YES_ERROR;
				CLANG_WARN_DOCUMENTATION_COMMENTS = YES;
				CLANG_WARN_EMPTY_BODY = YES;
				CLANG_WARN_ENUM_CONVERSION = YES;
				CLANG_WARN_INFINITE_RECURSION = YES;
				CLANG_WARN_INT_CONVERSION = YES;
				CLANG_WARN_NON_LITERAL_NULL_CONVERSION = YES;
				CLANG_WARN_OBJC_IMPLICIT_RETAIN_SELF = YES;
				CLANG_WARN_OBJC_LITERAL_CONVERSION = YES;
				CLANG_WARN_OBJC_ROOT_CLASS = YES_ERROR;
				CLANG_WARN_QUOTED_INCLUDE_IN_FRAMEWORK_HEADER = YES;
				CLANG_WARN_RANGE_LOOP_ANALYSIS = YES;
				CLANG_WARN_STRICT_PROTOTYPES = YES;
				CLANG_WARN_SUSPICIOUS_MOVE = YES;
				CLANG_WARN_UNGUARDED_AVAILABILITY = YES_AGGRESSIVE;
				CLANG_WARN_UNREACHABLE_CODE = YES;
				CLANG_WARN__DUPLICATE_METHOD_MATCH = YES;
				COPY_PHASE_STRIP = NO;
				DEBUG_INFORMATION_FORMAT = "dwarf-with-dsym";
				ENABLE_NS_ASSERTIONS = NO;
				ENABLE_STRICT_OBJC_MSGSEND = YES;
				GCC_C_LANGUAGE_STANDARD = gnu11;
				GCC_NO_COMMON_BLOCKS = YES;
				GCC_WARN_64_TO_32_BIT_CONVERSION = YES;
				GCC_WARN_ABOUT_RETURN_TYPE = YES_ERROR;
				GCC_WARN_UNDECLARED_SELECTOR = YES;
				GCC_WARN_UNINITIALIZED_AUTOS = YES_AGGRESSIVE;
				GCC_WARN_UNUSED_FUNCTION = YES;
				GCC_WARN_UNUSED_VARIABLE = YES;
				IPHONEOS_DEPLOYMENT_TARGET = 16.4;
				MTL_ENABLE_DEBUG_INFO = NO;
				MTL_FAST_MATH = YES;
				SDKROOT = iphoneos;
				SWIFT_COMPILATION_MODE = wholemodule;
				SWIFT_OPTIMIZATION_LEVEL = "-O";
				VALIDATE_PRODUCT = YES;
			};
			name = Release;
		};
		14BF22452CE29C140086B2AF /* Debug */ = {
			isa = XCBuildConfiguration;
			buildSettings = {
				ASSETCATALOG_COMPILER_APPICON_NAME = AppIcon;
				ASSETCATALOG_COMPILER_GLOBAL_ACCENT_COLOR_NAME = AccentColor;
				CODE_SIGN_STYLE = Automatic;
				CURRENT_PROJECT_VERSION = 1;
				GENERATE_INFOPLIST_FILE = YES;
				INFOPLIST_FILE = LoginScreen/Info.plist;
				INFOPLIST_KEY_UIApplicationSupportsIndirectInputEvents = YES;
				INFOPLIST_KEY_UILaunchStoryboardName = LaunchScreen;
				INFOPLIST_KEY_UISupportedInterfaceOrientations_iPad = "UIInterfaceOrientationPortrait UIInterfaceOrientationPortraitUpsideDown UIInterfaceOrientationLandscapeLeft UIInterfaceOrientationLandscapeRight";
				INFOPLIST_KEY_UISupportedInterfaceOrientations_iPhone = "UIInterfaceOrientationPortrait UIInterfaceOrientationLandscapeLeft UIInterfaceOrientationLandscapeRight";
				LD_RUNPATH_SEARCH_PATHS = (
					"$(inherited)",
					"@executable_path/Frameworks",
				);
				MARKETING_VERSION = 1.0;
				PRODUCT_BUNDLE_IDENTIFIER = "com.test-project.LoginScreen";
				PRODUCT_NAME = "$(TARGET_NAME)";
				SWIFT_EMIT_LOC_STRINGS = YES;
				SWIFT_VERSION = 5.0;
				TARGETED_DEVICE_FAMILY = "1,2";
			};
			name = Debug;
		};
		14BF22462CE29C140086B2AF /* Release */ = {
			isa = XCBuildConfiguration;
			buildSettings = {
				ASSETCATALOG_COMPILER_APPICON_NAME = AppIcon;
				ASSETCATALOG_COMPILER_GLOBAL_ACCENT_COLOR_NAME = AccentColor;
				CODE_SIGN_STYLE = Automatic;
				CURRENT_PROJECT_VERSION = 1;
				GENERATE_INFOPLIST_FILE = YES;
				INFOPLIST_FILE = LoginScreen/Info.plist;
				INFOPLIST_KEY_UIApplicationSupportsIndirectInputEvents = YES;
				INFOPLIST_KEY_UILaunchStoryboardName = LaunchScreen;
				INFOPLIST_KEY_UISupportedInterfaceOrientations_iPad = "UIInterfaceOrientationPortrait UIInterfaceOrientationPortraitUpsideDown UIInterfaceOrientationLandscapeLeft UIInterfaceOrientationLandscapeRight";
				INFOPLIST_KEY_UISupportedInterfaceOrientations_iPhone = "UIInterfaceOrientationPortrait UIInterfaceOrientationLandscapeLeft UIInterfaceOrientationLandscapeRight";
				LD_RUNPATH_SEARCH_PATHS = (
					"$(inherited)",
					"@executable_path/Frameworks",
				);
				MARKETING_VERSION = 1.0;
				PRODUCT_BUNDLE_IDENTIFIER = "com.test-project.LoginScreen";
				PRODUCT_NAME = "$(TARGET_NAME)";
				SWIFT_EMIT_LOC_STRINGS = YES;
				SWIFT_VERSION = 5.0;
				TARGETED_DEVICE_FAMILY = "1,2";
			};
			name = Release;
		};
/* End XCBuildConfiguration section */

/* Begin XCConfigurationList section */
		14BF222B2CE29C130086B2AF /* Build configuration list for PBXProject "LoginScreen" */ = {
			isa = XCConfigurationList;
			buildConfigurations = (
				14BF22422CE29C140086B2AF /* Debug */,
				14BF22432CE29C140086B2AF /* Release */,
			);
			defaultConfigurationIsVisible = 0;
			defaultConfigurationName = Release;
		};
		14BF22442CE29C140086B2AF /* Build configuration list for PBXNativeTarget "LoginScreen" */ = {
			isa = XCConfigurationList;
			buildConfigurations = (
				14BF22452CE29C140086B2AF /* Debug */,
				14BF22462CE29C140086B2AF /* Release */,
			);
			defaultConfigurationIsVisible = 0;
			defaultConfigurationName = Release;
		};
/* End XCConfigurationList section */
	};
	rootObject = 14BF22282CE29C130086B2AF /* Project object */;
}
